// !$*UTF8*$!
{
	archiveVersion = 1;
	classes = {
	};
	objectVersion = 50;
	objects = {

/* Begin PBXBuildFile section */
		3A242B0B269E180900DD5431 /* AppDelegate.swift in Sources */ = {isa = PBXBuildFile; fileRef = 3A242B0A269E180900DD5431 /* AppDelegate.swift */; };
		3A242B0D269E180900DD5431 /* SceneDelegate.swift in Sources */ = {isa = PBXBuildFile; fileRef = 3A242B0C269E180900DD5431 /* SceneDelegate.swift */; };
		3A242B0F269E180900DD5431 /* ThumbnailViewController.swift in Sources */ = {isa = PBXBuildFile; fileRef = 3A242B0E269E180900DD5431 /* ThumbnailViewController.swift */; };
		3A242B12269E180900DD5431 /* Main.storyboard in Resources */ = {isa = PBXBuildFile; fileRef = 3A242B10269E180900DD5431 /* Main.storyboard */; };
		3A242B14269E180A00DD5431 /* Assets.xcassets in Resources */ = {isa = PBXBuildFile; fileRef = 3A242B13269E180A00DD5431 /* Assets.xcassets */; };
		3A242B17269E180A00DD5431 /* LaunchScreen.storyboard in Resources */ = {isa = PBXBuildFile; fileRef = 3A242B15269E180A00DD5431 /* LaunchScreen.storyboard */; };
		3A242B21269E1D6E00DD5431 /* ThumbnailTableViewCell.swift in Sources */ = {isa = PBXBuildFile; fileRef = 3A242B1F269E1D6E00DD5431 /* ThumbnailTableViewCell.swift */; };
		3A242B22269E1D6E00DD5431 /* ThumbnailTableViewCell.xib in Resources */ = {isa = PBXBuildFile; fileRef = 3A242B20269E1D6E00DD5431 /* ThumbnailTableViewCell.xib */; };
		3A242B2626A0BDC500DD5431 /* Video.swift in Sources */ = {isa = PBXBuildFile; fileRef = 3A242B2526A0BDC500DD5431 /* Video.swift */; };
		3AF37F8426ABE42B006AE2FF /* Colors.swift in Sources */ = {isa = PBXBuildFile; fileRef = 3AF37F8326ABE42B006AE2FF /* Colors.swift */; };
		3AF37F8A26AC0DFB006AE2FF /* URL+Extension.swift in Sources */ = {isa = PBXBuildFile; fileRef = 3AF37F8926AC0DFB006AE2FF /* URL+Extension.swift */; };
/* End PBXBuildFile section */

/* Begin PBXFileReference section */
		3A242B07269E180900DD5431 /* VideoGalery.app */ = {isa = PBXFileReference; explicitFileType = wrapper.application; includeInIndex = 0; path = VideoGalery.app; sourceTree = BUILT_PRODUCTS_DIR; };
		3A242B0A269E180900DD5431 /* AppDelegate.swift */ = {isa = PBXFileReference; lastKnownFileType = sourcecode.swift; path = AppDelegate.swift; sourceTree = "<group>"; };
		3A242B0C269E180900DD5431 /* SceneDelegate.swift */ = {isa = PBXFileReference; lastKnownFileType = sourcecode.swift; path = SceneDelegate.swift; sourceTree = "<group>"; };
		3A242B0E269E180900DD5431 /* ThumbnailViewController.swift */ = {isa = PBXFileReference; lastKnownFileType = sourcecode.swift; path = ThumbnailViewController.swift; sourceTree = "<group>"; };
		3A242B11269E180900DD5431 /* Base */ = {isa = PBXFileReference; lastKnownFileType = file.storyboard; name = Base; path = Base.lproj/Main.storyboard; sourceTree = "<group>"; };
		3A242B13269E180A00DD5431 /* Assets.xcassets */ = {isa = PBXFileReference; lastKnownFileType = folder.assetcatalog; path = Assets.xcassets; sourceTree = "<group>"; };
		3A242B16269E180A00DD5431 /* Base */ = {isa = PBXFileReference; lastKnownFileType = file.storyboard; name = Base; path = Base.lproj/LaunchScreen.storyboard; sourceTree = "<group>"; };
		3A242B18269E180B00DD5431 /* Info.plist */ = {isa = PBXFileReference; lastKnownFileType = text.plist.xml; path = Info.plist; sourceTree = "<group>"; };
		3A242B1F269E1D6E00DD5431 /* ThumbnailTableViewCell.swift */ = {isa = PBXFileReference; lastKnownFileType = sourcecode.swift; path = ThumbnailTableViewCell.swift; sourceTree = "<group>"; };
		3A242B20269E1D6E00DD5431 /* ThumbnailTableViewCell.xib */ = {isa = PBXFileReference; lastKnownFileType = file.xib; path = ThumbnailTableViewCell.xib; sourceTree = "<group>"; };
		3A242B2526A0BDC500DD5431 /* Video.swift */ = {isa = PBXFileReference; lastKnownFileType = sourcecode.swift; path = Video.swift; sourceTree = "<group>"; };
		3AF37F8326ABE42B006AE2FF /* Colors.swift */ = {isa = PBXFileReference; lastKnownFileType = sourcecode.swift; path = Colors.swift; sourceTree = "<group>"; };
		3AF37F8926AC0DFB006AE2FF /* URL+Extension.swift */ = {isa = PBXFileReference; lastKnownFileType = sourcecode.swift; path = "URL+Extension.swift"; sourceTree = "<group>"; };
/* End PBXFileReference section */

/* Begin PBXFrameworksBuildPhase section */
		3A242B04269E180900DD5431 /* Frameworks */ = {
			isa = PBXFrameworksBuildPhase;
			buildActionMask = 2147483647;
			files = (
			);
			runOnlyForDeploymentPostprocessing = 0;
		};
/* End PBXFrameworksBuildPhase section */

/* Begin PBXGroup section */
		3A242AFE269E180900DD5431 = {
			isa = PBXGroup;
			children = (
				3A242B09269E180900DD5431 /* VideoGalery */,
				3A242B08269E180900DD5431 /* Products */,
			);
			sourceTree = "<group>";
		};
		3A242B08269E180900DD5431 /* Products */ = {
			isa = PBXGroup;
			children = (
				3A242B07269E180900DD5431 /* VideoGalery.app */,
			);
			name = Products;
			sourceTree = "<group>";
		};
		3A242B09269E180900DD5431 /* VideoGalery */ = {
			isa = PBXGroup;
			children = (
				3A35804526ABD655008B8BF9 /* View */,
				3A35804326ABD646008B8BF9 /* Model */,
				3A242B10269E180900DD5431 /* Main.storyboard */,
				3AF37F8626ABE432006AE2FF /* Helpers */,
				3A35804026ABD4E6008B8BF9 /* Delegates */,
				3A242B13269E180A00DD5431 /* Assets.xcassets */,
				3A242B15269E180A00DD5431 /* LaunchScreen.storyboard */,
				3A242B18269E180B00DD5431 /* Info.plist */,
			);
			path = VideoGalery;
			sourceTree = "<group>";
		};
		3A35804026ABD4E6008B8BF9 /* Delegates */ = {
			isa = PBXGroup;
			children = (
				3A242B0A269E180900DD5431 /* AppDelegate.swift */,
				3A242B0C269E180900DD5431 /* SceneDelegate.swift */,
			);
			path = Delegates;
			sourceTree = "<group>";
		};
		3A35804226ABD611008B8BF9 /* TableViewCell */ = {
			isa = PBXGroup;
			children = (
				3A242B20269E1D6E00DD5431 /* ThumbnailTableViewCell.xib */,
				3A242B1F269E1D6E00DD5431 /* ThumbnailTableViewCell.swift */,
			);
			path = TableViewCell;
			sourceTree = "<group>";
		};
		3A35804326ABD646008B8BF9 /* Model */ = {
			isa = PBXGroup;
			children = (
				3A242B2526A0BDC500DD5431 /* Video.swift */,
			);
			path = Model;
			sourceTree = "<group>";
		};
		3A35804526ABD655008B8BF9 /* View */ = {
			isa = PBXGroup;
			children = (
				3A242B0E269E180900DD5431 /* ThumbnailViewController.swift */,
				3A35804226ABD611008B8BF9 /* TableViewCell */,
			);
			path = View;
			sourceTree = "<group>";
		};
		3AF37F8626ABE432006AE2FF /* Helpers */ = {
			isa = PBXGroup;
			children = (
				3AF37F8326ABE42B006AE2FF /* Colors.swift */,
				3AF37F8926AC0DFB006AE2FF /* URL+Extension.swift */,
			);
			path = Helpers;
			sourceTree = "<group>";
		};
/* End PBXGroup section */

/* Begin PBXNativeTarget section */
		3A242B06269E180900DD5431 /* VideoGalery */ = {
			isa = PBXNativeTarget;
			buildConfigurationList = 3A242B1B269E180B00DD5431 /* Build configuration list for PBXNativeTarget "VideoGalery" */;
			buildPhases = (
				3A242B03269E180900DD5431 /* Sources */,
				3A242B04269E180900DD5431 /* Frameworks */,
				3A242B05269E180900DD5431 /* Resources */,
			);
			buildRules = (
			);
			dependencies = (
			);
			name = VideoGalery;
			productName = VideoGalery;
			productReference = 3A242B07269E180900DD5431 /* VideoGalery.app */;
			productType = "com.apple.product-type.application";
		};
/* End PBXNativeTarget section */

/* Begin PBXProject section */
		3A242AFF269E180900DD5431 /* Project object */ = {
			isa = PBXProject;
			attributes = {
				LastSwiftUpdateCheck = 1240;
				LastUpgradeCheck = 1240;
				TargetAttributes = {
					3A242B06269E180900DD5431 = {
						CreatedOnToolsVersion = 12.4;
					};
				};
			};
			buildConfigurationList = 3A242B02269E180900DD5431 /* Build configuration list for PBXProject "VideoGalery" */;
			compatibilityVersion = "Xcode 9.3";
			developmentRegion = en;
			hasScannedForEncodings = 0;
			knownRegions = (
				en,
				Base,
			);
			mainGroup = 3A242AFE269E180900DD5431;
			productRefGroup = 3A242B08269E180900DD5431 /* Products */;
			projectDirPath = "";
			projectRoot = "";
			targets = (
				3A242B06269E180900DD5431 /* VideoGalery */,
			);
		};
/* End PBXProject section */

/* Begin PBXResourcesBuildPhase section */
		3A242B05269E180900DD5431 /* Resources */ = {
			isa = PBXResourcesBuildPhase;
			buildActionMask = 2147483647;
			files = (
				3A242B17269E180A00DD5431 /* LaunchScreen.storyboard in Resources */,
				3A242B14269E180A00DD5431 /* Assets.xcassets in Resources */,
				3A242B22269E1D6E00DD5431 /* ThumbnailTableViewCell.xib in Resources */,
				3A242B12269E180900DD5431 /* Main.storyboard in Resources */,
			);
			runOnlyForDeploymentPostprocessing = 0;
		};
/* End PBXResourcesBuildPhase section */

/* Begin PBXSourcesBuildPhase section */
		3A242B03269E180900DD5431 /* Sources */ = {
			isa = PBXSourcesBuildPhase;
			buildActionMask = 2147483647;
			files = (
				3A242B0F269E180900DD5431 /* ThumbnailViewController.swift in Sources */,
				3AF37F8426ABE42B006AE2FF /* Colors.swift in Sources */,
				3A242B0B269E180900DD5431 /* AppDelegate.swift in Sources */,
				3A242B21269E1D6E00DD5431 /* ThumbnailTableViewCell.swift in Sources */,
				3A242B0D269E180900DD5431 /* SceneDelegate.swift in Sources */,
				3AF37F8A26AC0DFB006AE2FF /* URL+Extension.swift in Sources */,
				3A242B2626A0BDC500DD5431 /* Video.swift in Sources */,
			);
			runOnlyForDeploymentPostprocessing = 0;
		};
/* End PBXSourcesBuildPhase section */

/* Begin PBXVariantGroup section */
		3A242B10269E180900DD5431 /* Main.storyboard */ = {
			isa = PBXVariantGroup;
			children = (
				3A242B11269E180900DD5431 /* Base */,
			);
			name = Main.storyboard;
			sourceTree = "<group>";
		};
		3A242B15269E180A00DD5431 /* LaunchScreen.storyboard */ = {
			isa = PBXVariantGroup;
			children = (
				3A242B16269E180A00DD5431 /* Base */,
			);
			name = LaunchScreen.storyboard;
			sourceTree = "<group>";
		};
/* End PBXVariantGroup section */

/* Begin XCBuildConfiguration section */
		3A242B19269E180B00DD5431 /* Debug */ = {
			isa = XCBuildConfiguration;
			buildSettings = {
				ALWAYS_SEARCH_USER_PATHS = NO;
				CLANG_ANALYZER_NONNULL = YES;
				CLANG_ANALYZER_NUMBER_OBJECT_CONVERSION = YES_AGGRESSIVE;
				CLANG_CXX_LANGUAGE_STANDARD = "gnu++14";
				CLANG_CXX_LIBRARY = "libc++";
				CLANG_ENABLE_MODULES = YES;
				CLANG_ENABLE_OBJC_ARC = YES;
				CLANG_ENABLE_OBJC_WEAK = YES;
				CLANG_WARN_BLOCK_CAPTURE_AUTORELEASING = YES;
				CLANG_WARN_BOOL_CONVERSION = YES;
				CLANG_WARN_COMMA = YES;
				CLANG_WARN_CONSTANT_CONVERSION = YES;
				CLANG_WARN_DEPRECATED_OBJC_IMPLEMENTATIONS = YES;
				CLANG_WARN_DIRECT_OBJC_ISA_USAGE = YES_ERROR;
				CLANG_WARN_DOCUMENTATION_COMMENTS = YES;
				CLANG_WARN_EMPTY_BODY = YES;
				CLANG_WARN_ENUM_CONVERSION = YES;
				CLANG_WARN_INFINITE_RECURSION = YES;
				CLANG_WARN_INT_CONVERSION = YES;
				CLANG_WARN_NON_LITERAL_NULL_CONVERSION = YES;
				CLANG_WARN_OBJC_IMPLICIT_RETAIN_SELF = YES;
				CLANG_WARN_OBJC_LITERAL_CONVERSION = YES;
				CLANG_WARN_OBJC_ROOT_CLASS = YES_ERROR;
				CLANG_WARN_QUOTED_INCLUDE_IN_FRAMEWORK_HEADER = YES;
				CLANG_WARN_RANGE_LOOP_ANALYSIS = YES;
				CLANG_WARN_STRICT_PROTOTYPES = YES;
				CLANG_WARN_SUSPICIOUS_MOVE = YES;
				CLANG_WARN_UNGUARDED_AVAILABILITY = YES_AGGRESSIVE;
				CLANG_WARN_UNREACHABLE_CODE = YES;
				CLANG_WARN__DUPLICATE_METHOD_MATCH = YES;
				COPY_PHASE_STRIP = NO;
				DEBUG_INFORMATION_FORMAT = dwarf;
				ENABLE_STRICT_OBJC_MSGSEND = YES;
				ENABLE_TESTABILITY = YES;
				GCC_C_LANGUAGE_STANDARD = gnu11;
				GCC_DYNAMIC_NO_PIC = NO;
				GCC_NO_COMMON_BLOCKS = YES;
				GCC_OPTIMIZATION_LEVEL = 0;
				GCC_PREPROCESSOR_DEFINITIONS = (
					"DEBUG=1",
					"$(inherited)",
				);
				GCC_WARN_64_TO_32_BIT_CONVERSION = YES;
				GCC_WARN_ABOUT_RETURN_TYPE = YES_ERROR;
				GCC_WARN_UNDECLARED_SELECTOR = YES;
				GCC_WARN_UNINITIALIZED_AUTOS = YES_AGGRESSIVE;
				GCC_WARN_UNUSED_FUNCTION = YES;
				GCC_WARN_UNUSED_VARIABLE = YES;
				IPHONEOS_DEPLOYMENT_TARGET = 14.4;
				MTL_ENABLE_DEBUG_INFO = INCLUDE_SOURCE;
				MTL_FAST_MATH = YES;
				ONLY_ACTIVE_ARCH = YES;
				SDKROOT = iphoneos;
				SWIFT_ACTIVE_COMPILATION_CONDITIONS = DEBUG;
				SWIFT_OPTIMIZATION_LEVEL = "-Onone";
			};
			name = Debug;
		};
		3A242B1A269E180B00DD5431 /* Release */ = {
			isa = XCBuildConfiguration;
			buildSettings = {
				ALWAYS_SEARCH_USER_PATHS = NO;
				CLANG_ANALYZER_NONNULL = YES;
				CLANG_ANALYZER_NUMBER_OBJECT_CONVERSION = YES_AGGRESSIVE;
				CLANG_CXX_LANGUAGE_STANDARD = "gnu++14";
				CLANG_CXX_LIBRARY = "libc++";
				CLANG_ENABLE_MODULES = YES;
				CLANG_ENABLE_OBJC_ARC = YES;
				CLANG_ENABLE_OBJC_WEAK = YES;
				CLANG_WARN_BLOCK_CAPTURE_AUTORELEASING = YES;
				CLANG_WARN_BOOL_CONVERSION = YES;
				CLANG_WARN_COMMA = YES;
				CLANG_WARN_CONSTANT_CONVERSION = YES;
				CLANG_WARN_DEPRECATED_OBJC_IMPLEMENTATIONS = YES;
				CLANG_WARN_DIRECT_OBJC_ISA_USAGE = YES_ERROR;
				CLANG_WARN_DOCUMENTATION_COMMENTS = YES;
				CLANG_WARN_EMPTY_BODY = YES;
				CLANG_WARN_ENUM_CONVERSION = YES;
				CLANG_WARN_INFINITE_RECURSION = YES;
				CLANG_WARN_INT_CONVERSION = YES;
				CLANG_WARN_NON_LITERAL_NULL_CONVERSION = YES;
				CLANG_WARN_OBJC_IMPLICIT_RETAIN_SELF = YES;
				CLANG_WARN_OBJC_LITERAL_CONVERSION = YES;
				CLANG_WARN_OBJC_ROOT_CLASS = YES_ERROR;
				CLANG_WARN_QUOTED_INCLUDE_IN_FRAMEWORK_HEADER = YES;
				CLANG_WARN_RANGE_LOOP_ANALYSIS = YES;
				CLANG_WARN_STRICT_PROTOTYPES = YES;
				CLANG_WARN_SUSPICIOUS_MOVE = YES;
				CLANG_WARN_UNGUARDED_AVAILABILITY = YES_AGGRESSIVE;
				CLANG_WARN_UNREACHABLE_CODE = YES;
				CLANG_WARN__DUPLICATE_METHOD_MATCH = YES;
				COPY_PHASE_STRIP = NO;
				DEBUG_INFORMATION_FORMAT = "dwarf-with-dsym";
				ENABLE_NS_ASSERTIONS = NO;
				ENABLE_STRICT_OBJC_MSGSEND = YES;
				GCC_C_LANGUAGE_STANDARD = gnu11;
				GCC_NO_COMMON_BLOCKS = YES;
				GCC_WARN_64_TO_32_BIT_CONVERSION = YES;
				GCC_WARN_ABOUT_RETURN_TYPE = YES_ERROR;
				GCC_WARN_UNDECLARED_SELECTOR = YES;
				GCC_WARN_UNINITIALIZED_AUTOS = YES_AGGRESSIVE;
				GCC_WARN_UNUSED_FUNCTION = YES;
				GCC_WARN_UNUSED_VARIABLE = YES;
				IPHONEOS_DEPLOYMENT_TARGET = 14.4;
				MTL_ENABLE_DEBUG_INFO = NO;
				MTL_FAST_MATH = YES;
				SDKROOT = iphoneos;
				SWIFT_COMPILATION_MODE = wholemodule;
				SWIFT_OPTIMIZATION_LEVEL = "-O";
				VALIDATE_PRODUCT = YES;
			};
			name = Release;
		};
		3A242B1C269E180B00DD5431 /* Debug */ = {
			isa = XCBuildConfiguration;
			buildSettings = {
				ASSETCATALOG_COMPILER_APPICON_NAME = AppIcon;
				ASSETCATALOG_COMPILER_GLOBAL_ACCENT_COLOR_NAME = AccentColor;
				CODE_SIGN_STYLE = Automatic;
				DEVELOPMENT_TEAM = 8J73Q43L2S;
				INFOPLIST_FILE = VideoGalery/Info.plist;
				LD_RUNPATH_SEARCH_PATHS = (
					"$(inherited)",
					"@executable_path/Frameworks",
				);
				PRODUCT_BUNDLE_IDENTIFIER = lt.1011.VideoGalery;
				PRODUCT_NAME = "$(TARGET_NAME)";
				SWIFT_VERSION = 5.0;
				TARGETED_DEVICE_FAMILY = "1,2";
			};
			name = Debug;
		};
		3A242B1D269E180B00DD5431 /* Release */ = {
			isa = XCBuildConfiguration;
			buildSettings = {
				ASSETCATALOG_COMPILER_APPICON_NAME = AppIcon;
				ASSETCATALOG_COMPILER_GLOBAL_ACCENT_COLOR_NAME = AccentColor;
				CODE_SIGN_STYLE = Automatic;
				DEVELOPMENT_TEAM = 8J73Q43L2S;
				INFOPLIST_FILE = VideoGalery/Info.plist;
				LD_RUNPATH_SEARCH_PATHS = (
					"$(inherited)",
					"@executable_path/Frameworks",
				);
				PRODUCT_BUNDLE_IDENTIFIER = lt.1011.VideoGalery;
				PRODUCT_NAME = "$(TARGET_NAME)";
				SWIFT_VERSION = 5.0;
				TARGETED_DEVICE_FAMILY = "1,2";
			};
			name = Release;
		};
/* End XCBuildConfiguration section */

/* Begin XCConfigurationList section */
		3A242B02269E180900DD5431 /* Build configuration list for PBXProject "VideoGalery" */ = {
			isa = XCConfigurationList;
			buildConfigurations = (
				3A242B19269E180B00DD5431 /* Debug */,
				3A242B1A269E180B00DD5431 /* Release */,
			);
			defaultConfigurationIsVisible = 0;
			defaultConfigurationName = Release;
		};
		3A242B1B269E180B00DD5431 /* Build configuration list for PBXNativeTarget "VideoGalery" */ = {
			isa = XCConfigurationList;
			buildConfigurations = (
				3A242B1C269E180B00DD5431 /* Debug */,
				3A242B1D269E180B00DD5431 /* Release */,
			);
			defaultConfigurationIsVisible = 0;
			defaultConfigurationName = Release;
		};
/* End XCConfigurationList section */
	};
	rootObject = 3A242AFF269E180900DD5431 /* Project object */;
}
